
Microsoft Visual Studio Solution File, Format Version 9.00
# Visual Studio 2005
Project("{8BC9CEB8-8B4A-11D0-8D11-00A0C91BC942}") = "COMAddinCPP", "COMAddinCPP\COMAddinCPP.vcproj", "{1212C95B-D67A-447B-BDFC-535930DFDEA4}"
EndProject
Project("{54435603-DBB4-11D2-8724-00A0C9A8B90C}") = "COMAddinCPPSetup", "COMAddinCPPSetup\COMAddinCPPSetup.vdproj", "{6979C7C2-B299-4369-88A6-A98702806505}"
EndProject
Global
	GlobalSection(SolutionConfigurationPlatforms) = preSolution
		Debug|Win32 = Debug|Win32
		Release|Win32 = Release|Win32
	EndGlobalSection
	GlobalSection(ProjectConfigurationPlatforms) = postSolution
		{1212C95B-D67A-447B-BDFC-535930DFDEA4}.Debug|Win32.ActiveCfg = Debug|Win32
		{1212C95B-D67A-447B-BDFC-535930DFDEA4}.Debug|Win32.Build.0 = Debug|Win32
		{1212C95B-D67A-447B-BDFC-535930DFDEA4}.Release|Win32.ActiveCfg = Release|Win32
		{1212C95B-D67A-447B-BDFC-535930DFDEA4}.Release|Win32.Build.0 = Release|Win32
		{6979C7C2-B299-4369-88A6-A98702806505}.Debug|Win32.ActiveCfg = Debug
		{6979C7C2-B299-4369-88A6-A98702806505}.Release|Win32.ActiveCfg = Release
	EndGlobalSection
	GlobalSection(SolutionProperties) = preSolution
		HideSolutionNode = FALSE
	EndGlobalSection
EndGlobal
